<?xml version="1.0" encoding="utf-8"?>
<Project ToolsVersion="4.0" xmlns="http://schemas.microsoft.com/developer/msbuild/2003">
  <ItemGroup>
    <Filter Include="app">
      <UniqueIdentifier>{36b37e54-247d-4dbe-ab8f-7a408a089477}</UniqueIdentifier>
    </Filter>
    <Filter Include="display">
      <UniqueIdentifier>{df1ce618-f7d5-4cdc-bd90-6699d175c06c}</UniqueIdentifier>
    </Filter>
    <Filter Include="loader">
      <UniqueIdentifier>{dd521cbe-6092-4673-adbe-14d44572817e}</UniqueIdentifier>
    </Filter>
    <Filter Include="scene">
      <UniqueIdentifier>{83056fbf-7c58-40e1-abcc-fc30558cbb3e}</UniqueIdentifier>
    </Filter>
    <Filter Include="bvh">
      <UniqueIdentifier>{d27dee9d-6668-47d6-b020-fffceda476ee}</UniqueIdentifier>
    </Filter>
  </ItemGroup>
  <ItemGroup>
    <ClCompile Include="app\main.cpp">
      <Filter>app</Filter>
    </ClCompile>
    <ClCompile Include="display\display.cpp">
      <Filter>display</Filter>
    </ClCompile>
    <ClCompile Include="loader\objloader.cpp">
      <Filter>loader</Filter>
    </ClCompile>
    <ClCompile Include="scene\world.cpp">
      <Filter>scene</Filter>
    </ClCompile>
    <ClCompile Include="display\testCPU.cpp">
      <Filter>app</Filter>
    </ClCompile>
  </ItemGroup>
  <ItemGroup>
    <ClInclude Include="cuda-opengl.h" />
    <ClInclude Include="loader\objloader.h">
      <Filter>loader</Filter>
    </ClInclude>
    <ClInclude Include="scene\geometry.h">
      <Filter>scene</Filter>
    </ClInclude>
    <ClInclude Include="scene\light.h">
      <Filter>scene</Filter>
    </ClInclude>
    <ClInclude Include="scene\world.h">
      <Filter>scene</Filter>
    </ClInclude>
    <ClInclude Include="bvh\bvh.h">
      <Filter>bvh</Filter>
    </ClInclude>
  </ItemGroup>
  <ItemGroup>
    <CudaCompile Include="display\render.cu">
      <Filter>display</Filter>
    </CudaCompile>
  </ItemGroup>
  <ItemGroup>
    <None Include="raytracing.scene" />
  </ItemGroup>
</Project>